
Microsoft Visual Studio Solution File, Format Version 12.00
# Visual Studio Version 16
VisualStudioVersion = 16.0.32002.261
MinimumVisualStudioVersion = 10.0.40219.1
Project("{FAE04EC0-301F-11D3-BF4B-00C04F79EFBC}") = "DarkSoulsRipper", "DarkSoulsRipper\DarkSoulsRipper.csproj", "{EBDA7A5E-FC25-434C-9FE3-08E9E80178DA}"
EndProject
Global
	GlobalSection(SolutionConfigurationPlatforms) = preSolution
		Debug|Any CPU = Debug|Any CPU
		Release|Any CPU = Release|Any CPU
	EndGlobalSection
	GlobalSection(ProjectConfigurationPlatforms) = postSolution
		{EBDA7A5E-FC25-434C-9FE3-08E9E80178DA}.Debug|Any CPU.ActiveCfg = Debug|Any CPU
		{EBDA7A5E-FC25-434C-9FE3-08E9E80178DA}.Debug|Any CPU.Build.0 = Debug|Any CPU
		{EBDA7A5E-FC25-434C-9FE3-08E9E80178DA}.Release|Any CPU.ActiveCfg = Release|Any CPU
		{EBDA7A5E-FC25-434C-9FE3-08E9E80178DA}.Release|Any CPU.Build.0 = Release|Any CPU
	EndGlobalSection
	GlobalSection(SolutionProperties) = preSolution
		HideSolutionNode = FALSE
	EndGlobalSection
	GlobalSection(ExtensibilityGlobals) = postSolution
		SolutionGuid = {634E0F88-FEBB-4A6B-BB45-2BC071916CA1}
	EndGlobalSection
EndGlobal
